// !$*UTF8*$!
{
	archiveVersion = 1;
	classes = {
	};
	objectVersion = 46;
	objects = {

/* Begin PBXBuildFile section */
		6564A85F1C97D9BD0050EA2F /* main.m in Sources */ = {isa = PBXBuildFile; fileRef = 6564A85E1C97D9BD0050EA2F /* main.m */; };
		6564A8621C97D9BD0050EA2F /* AppDelegate.m in Sources */ = {isa = PBXBuildFile; fileRef = 6564A8611C97D9BD0050EA2F /* AppDelegate.m */; };
		6564A8651C97D9BD0050EA2F /* ViewController.m in Sources */ = {isa = PBXBuildFile; fileRef = 6564A8641C97D9BD0050EA2F /* ViewController.m */; };
		6564A8681C97D9BD0050EA2F /* Main.storyboard in Resources */ = {isa = PBXBuildFile; fileRef = 6564A8661C97D9BD0050EA2F /* Main.storyboard */; };
		6564A86A1C97D9BD0050EA2F /* Assets.xcassets in Resources */ = {isa = PBXBuildFile; fileRef = 6564A8691C97D9BD0050EA2F /* Assets.xcassets */; };
		6564A86D1C97D9BD0050EA2F /* LaunchScreen.storyboard in Resources */ = {isa = PBXBuildFile; fileRef = 6564A86B1C97D9BD0050EA2F /* LaunchScreen.storyboard */; };
		6564A8781C97D9BE0050EA2F /* CustomModalTransitionTests.m in Sources */ = {isa = PBXBuildFile; fileRef = 6564A8771C97D9BE0050EA2F /* CustomModalTransitionTests.m */; };
		6564A8831C97D9BE0050EA2F /* CustomModalTransitionUITests.m in Sources */ = {isa = PBXBuildFile; fileRef = 6564A8821C97D9BE0050EA2F /* CustomModalTransitionUITests.m */; };
		6564A8921C97D9E00050EA2F /* PresentedViewController.m in Sources */ = {isa = PBXBuildFile; fileRef = 6564A8911C97D9E00050EA2F /* PresentedViewController.m */; };
		6564A8A61C980DCC0050EA2F /* MyPresentTransitionDelegate.m in Sources */ = {isa = PBXBuildFile; fileRef = 6564A8A11C980DCC0050EA2F /* MyPresentTransitionDelegate.m */; };
		6564A8A71C980DCC0050EA2F /* OverlayAnimationController.m in Sources */ = {isa = PBXBuildFile; fileRef = 6564A8A31C980DCC0050EA2F /* OverlayAnimationController.m */; };
		6564A8A81C980DCC0050EA2F /* OverlayPresentationController.m in Sources */ = {isa = PBXBuildFile; fileRef = 6564A8A51C980DCC0050EA2F /* OverlayPresentationController.m */; };
		6564A8AB1C980E2E0050EA2F /* NewPresentedVC.m in Sources */ = {isa = PBXBuildFile; fileRef = 6564A8AA1C980E2E0050EA2F /* NewPresentedVC.m */; };
/* End PBXBuildFile section */

/* Begin PBXContainerItemProxy section */
		6564A8741C97D9BE0050EA2F /* PBXContainerItemProxy */ = {
			isa = PBXContainerItemProxy;
			containerPortal = 6564A8521C97D9BD0050EA2F /* Project object */;
			proxyType = 1;
			remoteGlobalIDString = 6564A8591C97D9BD0050EA2F;
			remoteInfo = CustomModalTransition;
		};
		6564A87F1C97D9BE0050EA2F /* PBXContainerItemProxy */ = {
			isa = PBXContainerItemProxy;
			containerPortal = 6564A8521C97D9BD0050EA2F /* Project object */;
			proxyType = 1;
			remoteGlobalIDString = 6564A8591C97D9BD0050EA2F;
			remoteInfo = CustomModalTransition;
		};
/* End PBXContainerItemProxy section */

/* Begin PBXFileReference section */
		6564A85A1C97D9BD0050EA2F /* CustomModalTransition.app */ = {isa = PBXFileReference; explicitFileType = wrapper.application; includeInIndex = 0; path = CustomModalTransition.app; sourceTree = BUILT_PRODUCTS_DIR; };
		6564A85E1C97D9BD0050EA2F /* main.m */ = {isa = PBXFileReference; lastKnownFileType = sourcecode.c.objc; path = main.m; sourceTree = "<group>"; };
		6564A8601C97D9BD0050EA2F /* AppDelegate.h */ = {isa = PBXFileReference; lastKnownFileType = sourcecode.c.h; path = AppDelegate.h; sourceTree = "<group>"; };
		6564A8611C97D9BD0050EA2F /* AppDelegate.m */ = {isa = PBXFileReference; lastKnownFileType = sourcecode.c.objc; path = AppDelegate.m; sourceTree = "<group>"; };
		6564A8631C97D9BD0050EA2F /* ViewController.h */ = {isa = PBXFileReference; lastKnownFileType = sourcecode.c.h; path = ViewController.h; sourceTree = "<group>"; };
		6564A8641C97D9BD0050EA2F /* ViewController.m */ = {isa = PBXFileReference; lastKnownFileType = sourcecode.c.objc; path = ViewController.m; sourceTree = "<group>"; };
		6564A8671C97D9BD0050EA2F /* Base */ = {isa = PBXFileReference; lastKnownFileType = file.storyboard; name = Base; path = Base.lproj/Main.storyboard; sourceTree = "<group>"; };
		6564A8691C97D9BD0050EA2F /* Assets.xcassets */ = {isa = PBXFileReference; lastKnownFileType = folder.assetcatalog; path = Assets.xcassets; sourceTree = "<group>"; };
		6564A86C1C97D9BD0050EA2F /* Base */ = {isa = PBXFileReference; lastKnownFileType = file.storyboard; name = Base; path = Base.lproj/LaunchScreen.storyboard; sourceTree = "<group>"; };
		6564A86E1C97D9BD0050EA2F /* Info.plist */ = {isa = PBXFileReference; lastKnownFileType = text.plist.xml; path = Info.plist; sourceTree = "<group>"; };
		6564A8731C97D9BE0050EA2F /* CustomModalTransitionTests.xctest */ = {isa = PBXFileReference; explicitFileType = wrapper.cfbundle; includeInIndex = 0; path = CustomModalTransitionTests.xctest; sourceTree = BUILT_PRODUCTS_DIR; };
		6564A8771C97D9BE0050EA2F /* CustomModalTransitionTests.m */ = {isa = PBXFileReference; lastKnownFileType = sourcecode.c.objc; path = CustomModalTransitionTests.m; sourceTree = "<group>"; };
		6564A8791C97D9BE0050EA2F /* Info.plist */ = {isa = PBXFileReference; lastKnownFileType = text.plist.xml; path = Info.plist; sourceTree = "<group>"; };
		6564A87E1C97D9BE0050EA2F /* CustomModalTransitionUITests.xctest */ = {isa = PBXFileReference; explicitFileType = wrapper.cfbundle; includeInIndex = 0; path = CustomModalTransitionUITests.xctest; sourceTree = BUILT_PRODUCTS_DIR; };
		6564A8821C97D9BE0050EA2F /* CustomModalTransitionUITests.m */ = {isa = PBXFileReference; lastKnownFileType = sourcecode.c.objc; path = CustomModalTransitionUITests.m; sourceTree = "<group>"; };
		6564A8841C97D9BE0050EA2F /* Info.plist */ = {isa = PBXFileReference; lastKnownFileType = text.plist.xml; path = Info.plist; sourceTree = "<group>"; };
		6564A8901C97D9E00050EA2F /* PresentedViewController.h */ = {isa = PBXFileReference; fileEncoding = 4; lastKnownFileType = sourcecode.c.h; path = PresentedViewController.h; sourceTree = "<group>"; };
		6564A8911C97D9E00050EA2F /* PresentedViewController.m */ = {isa = PBXFileReference; fileEncoding = 4; lastKnownFileType = sourcecode.c.objc; path = PresentedViewController.m; sourceTree = "<group>"; };
		6564A8A01C980DCC0050EA2F /* MyPresentTransitionDelegate.h */ = {isa = PBXFileReference; fileEncoding = 4; lastKnownFileType = sourcecode.c.h; path = MyPresentTransitionDelegate.h; sourceTree = "<group>"; };
		6564A8A11C980DCC0050EA2F /* MyPresentTransitionDelegate.m */ = {isa = PBXFileReference; fileEncoding = 4; lastKnownFileType = sourcecode.c.objc; path = MyPresentTransitionDelegate.m; sourceTree = "<group>"; };
		6564A8A21C980DCC0050EA2F /* OverlayAnimationController.h */ = {isa = PBXFileReference; fileEncoding = 4; lastKnownFileType = sourcecode.c.h; path = OverlayAnimationController.h; sourceTree = "<group>"; };
		6564A8A31C980DCC0050EA2F /* OverlayAnimationController.m */ = {isa = PBXFileReference; fileEncoding = 4; lastKnownFileType = sourcecode.c.objc; path = OverlayAnimationController.m; sourceTree = "<group>"; };
		6564A8A41C980DCC0050EA2F /* OverlayPresentationController.h */ = {isa = PBXFileReference; fileEncoding = 4; lastKnownFileType = sourcecode.c.h; path = OverlayPresentationController.h; sourceTree = "<group>"; };
		6564A8A51C980DCC0050EA2F /* OverlayPresentationController.m */ = {isa = PBXFileReference; fileEncoding = 4; lastKnownFileType = sourcecode.c.objc; path = OverlayPresentationController.m; sourceTree = "<group>"; };
		6564A8A91C980E2E0050EA2F /* NewPresentedVC.h */ = {isa = PBXFileReference; fileEncoding = 4; lastKnownFileType = sourcecode.c.h; path = NewPresentedVC.h; sourceTree = "<group>"; };
		6564A8AA1C980E2E0050EA2F /* NewPresentedVC.m */ = {isa = PBXFileReference; fileEncoding = 4; lastKnownFileType = sourcecode.c.objc; path = NewPresentedVC.m; sourceTree = "<group>"; };
/* End PBXFileReference section */

/* Begin PBXFrameworksBuildPhase section */
		6564A8571C97D9BD0050EA2F /* Frameworks */ = {
			isa = PBXFrameworksBuildPhase;
			buildActionMask = 2147483647;
			files = (
			);
			runOnlyForDeploymentPostprocessing = 0;
		};
		6564A8701C97D9BE0050EA2F /* Frameworks */ = {
			isa = PBXFrameworksBuildPhase;
			buildActionMask = 2147483647;
			files = (
			);
			runOnlyForDeploymentPostprocessing = 0;
		};
		6564A87B1C97D9BE0050EA2F /* Frameworks */ = {
			isa = PBXFrameworksBuildPhase;
			buildActionMask = 2147483647;
			files = (
			);
			runOnlyForDeploymentPostprocessing = 0;
		};
/* End PBXFrameworksBuildPhase section */

/* Begin PBXGroup section */
		6564A8511C97D9BD0050EA2F = {
			isa = PBXGroup;
			children = (
				6564A85C1C97D9BD0050EA2F /* CustomModalTransition */,
				6564A8761C97D9BE0050EA2F /* CustomModalTransitionTests */,
				6564A8811C97D9BE0050EA2F /* CustomModalTransitionUITests */,
				6564A85B1C97D9BD0050EA2F /* Products */,
			);
			sourceTree = "<group>";
		};
		6564A85B1C97D9BD0050EA2F /* Products */ = {
			isa = PBXGroup;
			children = (
				6564A85A1C97D9BD0050EA2F /* CustomModalTransition.app */,
				6564A8731C97D9BE0050EA2F /* CustomModalTransitionTests.xctest */,
				6564A87E1C97D9BE0050EA2F /* CustomModalTransitionUITests.xctest */,
			);
			name = Products;
			sourceTree = "<group>";
		};
		6564A85C1C97D9BD0050EA2F /* CustomModalTransition */ = {
			isa = PBXGroup;
			children = (
				6564A89F1C980DCC0050EA2F /* CustomModal */,
				6564A8601C97D9BD0050EA2F /* AppDelegate.h */,
				6564A8611C97D9BD0050EA2F /* AppDelegate.m */,
				6564A8631C97D9BD0050EA2F /* ViewController.h */,
				6564A8641C97D9BD0050EA2F /* ViewController.m */,
				6564A8901C97D9E00050EA2F /* PresentedViewController.h */,
				6564A8911C97D9E00050EA2F /* PresentedViewController.m */,
				6564A8A91C980E2E0050EA2F /* NewPresentedVC.h */,
				6564A8AA1C980E2E0050EA2F /* NewPresentedVC.m */,
				6564A8661C97D9BD0050EA2F /* Main.storyboard */,
				6564A8691C97D9BD0050EA2F /* Assets.xcassets */,
				6564A86B1C97D9BD0050EA2F /* LaunchScreen.storyboard */,
				6564A86E1C97D9BD0050EA2F /* Info.plist */,
				6564A85D1C97D9BD0050EA2F /* Supporting Files */,
			);
			path = CustomModalTransition;
			sourceTree = "<group>";
		};
		6564A85D1C97D9BD0050EA2F /* Supporting Files */ = {
			isa = PBXGroup;
			children = (
				6564A85E1C97D9BD0050EA2F /* main.m */,
			);
			name = "Supporting Files";
			sourceTree = "<group>";
		};
		6564A8761C97D9BE0050EA2F /* CustomModalTransitionTests */ = {
			isa = PBXGroup;
			children = (
				6564A8771C97D9BE0050EA2F /* CustomModalTransitionTests.m */,
				6564A8791C97D9BE0050EA2F /* Info.plist */,
			);
			path = CustomModalTransitionTests;
			sourceTree = "<group>";
		};
		6564A8811C97D9BE0050EA2F /* CustomModalTransitionUITests */ = {
			isa = PBXGroup;
			children = (
				6564A8821C97D9BE0050EA2F /* CustomModalTransitionUITests.m */,
				6564A8841C97D9BE0050EA2F /* Info.plist */,
			);
			path = CustomModalTransitionUITests;
			sourceTree = "<group>";
		};
		6564A89F1C980DCC0050EA2F /* CustomModal */ = {
			isa = PBXGroup;
			children = (
				6564A8A01C980DCC0050EA2F /* MyPresentTransitionDelegate.h */,
				6564A8A11C980DCC0050EA2F /* MyPresentTransitionDelegate.m */,
				6564A8A21C980DCC0050EA2F /* OverlayAnimationController.h */,
				6564A8A31C980DCC0050EA2F /* OverlayAnimationController.m */,
				6564A8A41C980DCC0050EA2F /* OverlayPresentationController.h */,
				6564A8A51C980DCC0050EA2F /* OverlayPresentationController.m */,
			);
			path = CustomModal;
			sourceTree = "<group>";
		};
/* End PBXGroup section */

/* Begin PBXNativeTarget section */
		6564A8591C97D9BD0050EA2F /* CustomModalTransition */ = {
			isa = PBXNativeTarget;
			buildConfigurationList = 6564A8871C97D9BE0050EA2F /* Build configuration list for PBXNativeTarget "CustomModalTransition" */;
			buildPhases = (
				6564A8561C97D9BD0050EA2F /* Sources */,
				6564A8571C97D9BD0050EA2F /* Frameworks */,
				6564A8581C97D9BD0050EA2F /* Resources */,
			);
			buildRules = (
			);
			dependencies = (
			);
			name = CustomModalTransition;
			productName = CustomModalTransition;
			productReference = 6564A85A1C97D9BD0050EA2F /* CustomModalTransition.app */;
			productType = "com.apple.product-type.application";
		};
		6564A8721C97D9BE0050EA2F /* CustomModalTransitionTests */ = {
			isa = PBXNativeTarget;
			buildConfigurationList = 6564A88A1C97D9BE0050EA2F /* Build configuration list for PBXNativeTarget "CustomModalTransitionTests" */;
			buildPhases = (
				6564A86F1C97D9BE0050EA2F /* Sources */,
				6564A8701C97D9BE0050EA2F /* Frameworks */,
				6564A8711C97D9BE0050EA2F /* Resources */,
			);
			buildRules = (
			);
			dependencies = (
				6564A8751C97D9BE0050EA2F /* PBXTargetDependency */,
			);
			name = CustomModalTransitionTests;
			productName = CustomModalTransitionTests;
			productReference = 6564A8731C97D9BE0050EA2F /* CustomModalTransitionTests.xctest */;
			productType = "com.apple.product-type.bundle.unit-test";
		};
		6564A87D1C97D9BE0050EA2F /* CustomModalTransitionUITests */ = {
			isa = PBXNativeTarget;
			buildConfigurationList = 6564A88D1C97D9BE0050EA2F /* Build configuration list for PBXNativeTarget "CustomModalTransitionUITests" */;
			buildPhases = (
				6564A87A1C97D9BE0050EA2F /* Sources */,
				6564A87B1C97D9BE0050EA2F /* Frameworks */,
				6564A87C1C97D9BE0050EA2F /* Resources */,
			);
			buildRules = (
			);
			dependencies = (
				6564A8801C97D9BE0050EA2F /* PBXTargetDependency */,
			);
			name = CustomModalTransitionUITests;
			productName = CustomModalTransitionUITests;
			productReference = 6564A87E1C97D9BE0050EA2F /* CustomModalTransitionUITests.xctest */;
			productType = "com.apple.product-type.bundle.ui-testing";
		};
/* End PBXNativeTarget section */

/* Begin PBXProject section */
		6564A8521C97D9BD0050EA2F /* Project object */ = {
			isa = PBXProject;
			attributes = {
				LastUpgradeCheck = 0720;
				ORGANIZATIONNAME = Daniel;
				TargetAttributes = {
					6564A8591C97D9BD0050EA2F = {
						CreatedOnToolsVersion = 7.2.1;
					};
					6564A8721C97D9BE0050EA2F = {
						CreatedOnToolsVersion = 7.2.1;
						TestTargetID = 6564A8591C97D9BD0050EA2F;
					};
					6564A87D1C97D9BE0050EA2F = {
						CreatedOnToolsVersion = 7.2.1;
						TestTargetID = 6564A8591C97D9BD0050EA2F;
					};
				};
			};
			buildConfigurationList = 6564A8551C97D9BD0050EA2F /* Build configuration list for PBXProject "CustomModalTransition" */;
			compatibilityVersion = "Xcode 3.2";
			developmentRegion = English;
			hasScannedForEncodings = 0;
			knownRegions = (
				en,
				Base,
			);
			mainGroup = 6564A8511C97D9BD0050EA2F;
			productRefGroup = 6564A85B1C97D9BD0050EA2F /* Products */;
			projectDirPath = "";
			projectRoot = "";
			targets = (
				6564A8591C97D9BD0050EA2F /* CustomModalTransition */,
				6564A8721C97D9BE0050EA2F /* CustomModalTransitionTests */,
				6564A87D1C97D9BE0050EA2F /* CustomModalTransitionUITests */,
			);
		};
/* End PBXProject section */

/* Begin PBXResourcesBuildPhase section */
		6564A8581C97D9BD0050EA2F /* Resources */ = {
			isa = PBXResourcesBuildPhase;
			buildActionMask = 2147483647;
			files = (
				6564A86D1C97D9BD0050EA2F /* LaunchScreen.storyboard in Resources */,
				6564A86A1C97D9BD0050EA2F /* Assets.xcassets in Resources */,
				6564A8681C97D9BD0050EA2F /* Main.storyboard in Resources */,
			);
			runOnlyForDeploymentPostprocessing = 0;
		};
		6564A8711C97D9BE0050EA2F /* Resources */ = {
			isa = PBXResourcesBuildPhase;
			buildActionMask = 2147483647;
			files = (
			);
			runOnlyForDeploymentPostprocessing = 0;
		};
		6564A87C1C97D9BE0050EA2F /* Resources */ = {
			isa = PBXResourcesBuildPhase;
			buildActionMask = 2147483647;
			files = (
			);
			runOnlyForDeploymentPostprocessing = 0;
		};
/* End PBXResourcesBuildPhase section */

/* Begin PBXSourcesBuildPhase section */
		6564A8561C97D9BD0050EA2F /* Sources */ = {
			isa = PBXSourcesBuildPhase;
			buildActionMask = 2147483647;
			files = (
				6564A8AB1C980E2E0050EA2F /* NewPresentedVC.m in Sources */,
				6564A8651C97D9BD0050EA2F /* ViewController.m in Sources */,
				6564A8A81C980DCC0050EA2F /* OverlayPresentationController.m in Sources */,
				6564A8921C97D9E00050EA2F /* PresentedViewController.m in Sources */,
				6564A8A61C980DCC0050EA2F /* MyPresentTransitionDelegate.m in Sources */,
				6564A8621C97D9BD0050EA2F /* AppDelegate.m in Sources */,
				6564A8A71C980DCC0050EA2F /* OverlayAnimationController.m in Sources */,
				6564A85F1C97D9BD0050EA2F /* main.m in Sources */,
			);
			runOnlyForDeploymentPostprocessing = 0;
		};
		6564A86F1C97D9BE0050EA2F /* Sources */ = {
			isa = PBXSourcesBuildPhase;
			buildActionMask = 2147483647;
			files = (
				6564A8781C97D9BE0050EA2F /* CustomModalTransitionTests.m in Sources */,
			);
			runOnlyForDeploymentPostprocessing = 0;
		};
		6564A87A1C97D9BE0050EA2F /* Sources */ = {
			isa = PBXSourcesBuildPhase;
			buildActionMask = 2147483647;
			files = (
				6564A8831C97D9BE0050EA2F /* CustomModalTransitionUITests.m in Sources */,
			);
			runOnlyForDeploymentPostprocessing = 0;
		};
/* End PBXSourcesBuildPhase section */

/* Begin PBXTargetDependency section */
		6564A8751C97D9BE0050EA2F /* PBXTargetDependency */ = {
			isa = PBXTargetDependency;
			target = 6564A8591C97D9BD0050EA2F /* CustomModalTransition */;
			targetProxy = 6564A8741C97D9BE0050EA2F /* PBXContainerItemProxy */;
		};
		6564A8801C97D9BE0050EA2F /* PBXTargetDependency */ = {
			isa = PBXTargetDependency;
			target = 6564A8591C97D9BD0050EA2F /* CustomModalTransition */;
			targetProxy = 6564A87F1C97D9BE0050EA2F /* PBXContainerItemProxy */;
		};
/* End PBXTargetDependency section */

/* Begin PBXVariantGroup section */
		6564A8661C97D9BD0050EA2F /* Main.storyboard */ = {
			isa = PBXVariantGroup;
			children = (
				6564A8671C97D9BD0050EA2F /* Base */,
			);
			name = Main.storyboard;
			sourceTree = "<group>";
		};
		6564A86B1C97D9BD0050EA2F /* LaunchScreen.storyboard */ = {
			isa = PBXVariantGroup;
			children = (
				6564A86C1C97D9BD0050EA2F /* Base */,
			);
			name = LaunchScreen.storyboard;
			sourceTree = "<group>";
		};
/* End PBXVariantGroup section */

/* Begin XCBuildConfiguration section */
		6564A8851C97D9BE0050EA2F /* Debug */ = {
			isa = XCBuildConfiguration;
			buildSettings = {
				ALWAYS_SEARCH_USER_PATHS = NO;
				CLANG_CXX_LANGUAGE_STANDARD = "gnu++0x";
				CLANG_CXX_LIBRARY = "libc++";
				CLANG_ENABLE_MODULES = YES;
				CLANG_ENABLE_OBJC_ARC = YES;
				CLANG_WARN_BOOL_CONVERSION = YES;
				CLANG_WARN_CONSTANT_CONVERSION = YES;
				CLANG_WARN_DIRECT_OBJC_ISA_USAGE = YES_ERROR;
				CLANG_WARN_EMPTY_BODY = YES;
				CLANG_WARN_ENUM_CONVERSION = YES;
				CLANG_WARN_INT_CONVERSION = YES;
				CLANG_WARN_OBJC_ROOT_CLASS = YES_ERROR;
				CLANG_WARN_UNREACHABLE_CODE = YES;
				CLANG_WARN__DUPLICATE_METHOD_MATCH = YES;
				"CODE_SIGN_IDENTITY[sdk=iphoneos*]" = "iPhone Developer";
				COPY_PHASE_STRIP = NO;
				DEBUG_INFORMATION_FORMAT = dwarf;
				ENABLE_STRICT_OBJC_MSGSEND = YES;
				ENABLE_TESTABILITY = YES;
				GCC_C_LANGUAGE_STANDARD = gnu99;
				GCC_DYNAMIC_NO_PIC = NO;
				GCC_NO_COMMON_BLOCKS = YES;
				GCC_OPTIMIZATION_LEVEL = 0;
				GCC_PREPROCESSOR_DEFINITIONS = (
					"DEBUG=1",
					"$(inherited)",
				);
				GCC_WARN_64_TO_32_BIT_CONVERSION = YES;
				GCC_WARN_ABOUT_RETURN_TYPE = YES_ERROR;
				GCC_WARN_UNDECLARED_SELECTOR = YES;
				GCC_WARN_UNINITIALIZED_AUTOS = YES_AGGRESSIVE;
				GCC_WARN_UNUSED_FUNCTION = YES;
				GCC_WARN_UNUSED_VARIABLE = YES;
				IPHONEOS_DEPLOYMENT_TARGET = 9.2;
				MTL_ENABLE_DEBUG_INFO = YES;
				ONLY_ACTIVE_ARCH = YES;
				SDKROOT = iphoneos;
			};
			name = Debug;
		};
		6564A8861C97D9BE0050EA2F /* Release */ = {
			isa = XCBuildConfiguration;
			buildSettings = {
				ALWAYS_SEARCH_USER_PATHS = NO;
				CLANG_CXX_LANGUAGE_STANDARD = "gnu++0x";
				CLANG_CXX_LIBRARY = "libc++";
				CLANG_ENABLE_MODULES = YES;
				CLANG_ENABLE_OBJC_ARC = YES;
				CLANG_WARN_BOOL_CONVERSION = YES;
				CLANG_WARN_CONSTANT_CONVERSION = YES;
				CLANG_WARN_DIRECT_OBJC_ISA_USAGE = YES_ERROR;
				CLANG_WARN_EMPTY_BODY = YES;
				CLANG_WARN_ENUM_CONVERSION = YES;
				CLANG_WARN_INT_CONVERSION = YES;
				CLANG_WARN_OBJC_ROOT_CLASS = YES_ERROR;
				CLANG_WARN_UNREACHABLE_CODE = YES;
				CLANG_WARN__DUPLICATE_METHOD_MATCH = YES;
				"CODE_SIGN_IDENTITY[sdk=iphoneos*]" = "iPhone Developer";
				COPY_PHASE_STRIP = NO;
				DEBUG_INFORMATION_FORMAT = "dwarf-with-dsym";
				ENABLE_NS_ASSERTIONS = NO;
				ENABLE_STRICT_OBJC_MSGSEND = YES;
				GCC_C_LANGUAGE_STANDARD = gnu99;
				GCC_NO_COMMON_BLOCKS = YES;
				GCC_WARN_64_TO_32_BIT_CONVERSION = YES;
				GCC_WARN_ABOUT_RETURN_TYPE = YES_ERROR;
				GCC_WARN_UNDECLARED_SELECTOR = YES;
				GCC_WARN_UNINITIALIZED_AUTOS = YES_AGGRESSIVE;
				GCC_WARN_UNUSED_FUNCTION = YES;
				GCC_WARN_UNUSED_VARIABLE = YES;
				IPHONEOS_DEPLOYMENT_TARGET = 9.2;
				MTL_ENABLE_DEBUG_INFO = NO;
				SDKROOT = iphoneos;
				VALIDATE_PRODUCT = YES;
			};
			name = Release;
		};
		6564A8881C97D9BE0050EA2F /* Debug */ = {
			isa = XCBuildConfiguration;
			buildSettings = {
				ASSETCATALOG_COMPILER_APPICON_NAME = AppIcon;
				INFOPLIST_FILE = CustomModalTransition/Info.plist;
				LD_RUNPATH_SEARCH_PATHS = "$(inherited) @executable_path/Frameworks";
				PRODUCT_BUNDLE_IDENTIFIER = "Yanyinghenmei-com.github.CustomModalTransition";
				PRODUCT_NAME = "$(TARGET_NAME)";
			};
			name = Debug;
		};
		6564A8891C97D9BE0050EA2F /* Release */ = {
			isa = XCBuildConfiguration;
			buildSettings = {
				ASSETCATALOG_COMPILER_APPICON_NAME = AppIcon;
				INFOPLIST_FILE = CustomModalTransition/Info.plist;
				LD_RUNPATH_SEARCH_PATHS = "$(inherited) @executable_path/Frameworks";
				PRODUCT_BUNDLE_IDENTIFIER = "Yanyinghenmei-com.github.CustomModalTransition";
				PRODUCT_NAME = "$(TARGET_NAME)";
			};
			name = Release;
		};
		6564A88B1C97D9BE0050EA2F /* Debug */ = {
			isa = XCBuildConfiguration;
			buildSettings = {
				BUNDLE_LOADER = "$(TEST_HOST)";
				INFOPLIST_FILE = CustomModalTransitionTests/Info.plist;
				LD_RUNPATH_SEARCH_PATHS = "$(inherited) @executable_path/Frameworks @loader_path/Frameworks";
				PRODUCT_BUNDLE_IDENTIFIER = "Yanyinghenmei-com.github.CustomModalTransitionTests";
				PRODUCT_NAME = "$(TARGET_NAME)";
				TEST_HOST = "$(BUILT_PRODUCTS_DIR)/CustomModalTransition.app/CustomModalTransition";
			};
			name = Debug;
		};
		6564A88C1C97D9BE0050EA2F /* Release */ = {
			isa = XCBuildConfiguration;
			buildSettings = {
				BUNDLE_LOADER = "$(TEST_HOST)";
				INFOPLIST_FILE = CustomModalTransitionTests/Info.plist;
				LD_RUNPATH_SEARCH_PATHS = "$(inherited) @executable_path/Frameworks @loader_path/Frameworks";
				PRODUCT_BUNDLE_IDENTIFIER = "Yanyinghenmei-com.github.CustomModalTransitionTests";
				PRODUCT_NAME = "$(TARGET_NAME)";
				TEST_HOST = "$(BUILT_PRODUCTS_DIR)/CustomModalTransition.app/CustomModalTransition";
			};
			name = Release;
		};
		6564A88E1C97D9BE0050EA2F /* Debug */ = {
			isa = XCBuildConfiguration;
			buildSettings = {
				INFOPLIST_FILE = CustomModalTransitionUITests/Info.plist;
				LD_RUNPATH_SEARCH_PATHS = "$(inherited) @executable_path/Frameworks @loader_path/Frameworks";
				PRODUCT_BUNDLE_IDENTIFIER = "Yanyinghenmei-com.github.CustomModalTransitionUITests";
				PRODUCT_NAME = "$(TARGET_NAME)";
				TEST_TARGET_NAME = CustomModalTransition;
				USES_XCTRUNNER = YES;
			};
			name = Debug;
		};
		6564A88F1C97D9BE0050EA2F /* Release */ = {
			isa = XCBuildConfiguration;
			buildSettings = {
				INFOPLIST_FILE = CustomModalTransitionUITests/Info.plist;
				LD_RUNPATH_SEARCH_PATHS = "$(inherited) @executable_path/Frameworks @loader_path/Frameworks";
				PRODUCT_BUNDLE_IDENTIFIER = "Yanyinghenmei-com.github.CustomModalTransitionUITests";
				PRODUCT_NAME = "$(TARGET_NAME)";
				TEST_TARGET_NAME = CustomModalTransition;
				USES_XCTRUNNER = YES;
			};
			name = Release;
		};
/* End XCBuildConfiguration section */

/* Begin XCConfigurationList section */
		6564A8551C97D9BD0050EA2F /* Build configuration list for PBXProject "CustomModalTransition" */ = {
			isa = XCConfigurationList;
			buildConfigurations = (
				6564A8851C97D9BE0050EA2F /* Debug */,
				6564A8861C97D9BE0050EA2F /* Release */,
			);
			defaultConfigurationIsVisible = 0;
			defaultConfigurationName = Release;
		};
		6564A8871C97D9BE0050EA2F /* Build configuration list for PBXNativeTarget "CustomModalTransition" */ = {
			isa = XCConfigurationList;
			buildConfigurations = (
				6564A8881C97D9BE0050EA2F /* Debug */,
				6564A8891C97D9BE0050EA2F /* Release */,
			);
			defaultConfigurationIsVisible = 0;
			defaultConfigurationName = Release;
		};
		6564A88A1C97D9BE0050EA2F /* Build configuration list for PBXNativeTarget "CustomModalTransitionTests" */ = {
			isa = XCConfigurationList;
			buildConfigurations = (
				6564A88B1C97D9BE0050EA2F /* Debug */,
				6564A88C1C97D9BE0050EA2F /* Release */,
			);
			defaultConfigurationIsVisible = 0;
			defaultConfigurationName = Release;
		};
		6564A88D1C97D9BE0050EA2F /* Build configuration list for PBXNativeTarget "CustomModalTransitionUITests" */ = {
			isa = XCConfigurationList;
			buildConfigurations = (
				6564A88E1C97D9BE0050EA2F /* Debug */,
				6564A88F1C97D9BE0050EA2F /* Release */,
			);
			defaultConfigurationIsVisible = 0;
			defaultConfigurationName = Release;
		};
/* End XCConfigurationList section */
	};
	rootObject = 6564A8521C97D9BD0050EA2F /* Project object */;
}
